
Microsoft Visual Studio Solution File, Format Version 12.00
# Visual Studio 2013
VisualStudioVersion = 12.0.31101.0
MinimumVisualStudioVersion = 10.0.40219.1
Project("{FAE04EC0-301F-11D3-BF4B-00C04F79EFBC}") = "WOPR", "WOPR\WOPR.csproj", "{7116F2F1-E241-46F1-B100-C6E04F3605CD}"
EndProject
Project("{2150E333-8FDC-42A3-9474-1A3956D46DE8}") = "Domain", "Domain", "{340FA0FB-06ED-4761-A4B9-269CC76D98A5}"
EndProject
Project("{2150E333-8FDC-42A3-9474-1A3956D46DE8}") = "Infrastructure", "Infrastructure", "{38E50B39-2598-497E-8976-7D548D02CC02}"
EndProject
Project("{2150E333-8FDC-42A3-9474-1A3956D46DE8}") = "UI", "UI", "{4B2F4387-1AF8-4B92-A3B6-1422B1254106}"
EndProject
Project("{2150E333-8FDC-42A3-9474-1A3956D46DE8}") = "WPF", "WPF", "{CF01C2A7-708E-4AC1-8109-796A58412C3D}"
EndProject
Project("{FAE04EC0-301F-11D3-BF4B-00C04F79EFBC}") = "WOPR.UI.WPF.Theatre", "WOPR.UI.WPF.Theatre\WOPR.UI.WPF.Theatre.csproj", "{4D47E3BE-7A4A-4918-968D-169E21479ED5}"
EndProject
Project("{FAE04EC0-301F-11D3-BF4B-00C04F79EFBC}") = "WOPR.UI.WPF.Common", "WOPR.UI.WPF.Common\WOPR.UI.WPF.Common.csproj", "{683FD2E9-689E-419F-A222-037C29F24B7C}"
EndProject
Project("{FAE04EC0-301F-11D3-BF4B-00C04F79EFBC}") = "WOPR.Infrastructure.Utilities", "WOPR.Infrastructure.Utilities\WOPR.Infrastructure.Utilities.csproj", "{D5DB57FA-CB2F-4A40-B7F3-C3C646639089}"
EndProject
Project("{2150E333-8FDC-42A3-9474-1A3956D46DE8}") = "Data", "Data", "{4DF5AF06-B9A1-4E38-91EF-5D1E16A02E41}"
EndProject
Project("{FAE04EC0-301F-11D3-BF4B-00C04F79EFBC}") = "WOPR.Domain.Repository", "WOPR.Domain.Repository\WOPR.Domain.Repository.csproj", "{BDAA4129-0192-4EB3-9CE4-485CAA4B111C}"
EndProject
Project("{FAE04EC0-301F-11D3-BF4B-00C04F79EFBC}") = "WOPR.Domain.DataObjects", "WOPR.Domain.DataObjects\WOPR.Domain.DataObjects.csproj", "{C83F0807-A79A-49EF-A1A9-4208409A7D97}"
EndProject
Project("{FAE04EC0-301F-11D3-BF4B-00C04F79EFBC}") = "WOPR.UI.WPF.Simulation", "WOPR.UI.WPF.Simulation\WOPR.UI.WPF.Simulation.csproj", "{A7B30E75-8AB9-4E40-9F9A-BD5F624C1CCD}"
EndProject
Project("{2150E333-8FDC-42A3-9474-1A3956D46DE8}") = "Test", "Test", "{94609051-3DC9-403D-A326-F00F2AAA358E}"
EndProject
Project("{2150E333-8FDC-42A3-9474-1A3956D46DE8}") = "WPF", "WPF", "{F052446C-8670-4282-978F-A9627E021A2F}"
EndProject
Project("{FAE04EC0-301F-11D3-BF4B-00C04F79EFBC}") = "WOPR.UI.WPFSimulation.Tests", "WOPR.UI.WPFSimulation.Tests\WOPR.UI.WPFSimulation.Tests.csproj", "{5264BFA2-9809-4F38-A6CD-5D215A73F3AC}"
EndProject
Project("{2150E333-8FDC-42A3-9474-1A3956D46DE8}") = ".nuget", ".nuget", "{160146D8-EAAF-4076-A6DA-2EA2976B3177}"
	ProjectSection(SolutionItems) = preProject
		.nuget\packages.config = .nuget\packages.config
	EndProjectSection
EndProject
Project("{FAE04EC0-301F-11D3-BF4B-00C04F79EFBC}") = "WOPR.Infrastructure.Services", "WOPR.Infrastructure.Services\WOPR.Infrastructure.Services.csproj", "{DBE62DDF-C049-4C4D-A760-8DA047F704F6}"
EndProject
Project("{FAE04EC0-301F-11D3-BF4B-00C04F79EFBC}") = "WOPR.UI.WPF.Common.Tests", "WOPR.UI.WPF.Common.Tests\WOPR.UI.WPF.Common.Tests.csproj", "{0381A13A-7BD3-4809-A8AB-244680AC34E5}"
EndProject
Global
	GlobalSection(SolutionConfigurationPlatforms) = preSolution
		Debug|Any CPU = Debug|Any CPU
		Release|Any CPU = Release|Any CPU
	EndGlobalSection
	GlobalSection(ProjectConfigurationPlatforms) = postSolution
		{7116F2F1-E241-46F1-B100-C6E04F3605CD}.Debug|Any CPU.ActiveCfg = Debug|Any CPU
		{7116F2F1-E241-46F1-B100-C6E04F3605CD}.Debug|Any CPU.Build.0 = Debug|Any CPU
		{7116F2F1-E241-46F1-B100-C6E04F3605CD}.Release|Any CPU.ActiveCfg = Release|Any CPU
		{7116F2F1-E241-46F1-B100-C6E04F3605CD}.Release|Any CPU.Build.0 = Release|Any CPU
		{4D47E3BE-7A4A-4918-968D-169E21479ED5}.Debug|Any CPU.ActiveCfg = Debug|Any CPU
		{4D47E3BE-7A4A-4918-968D-169E21479ED5}.Debug|Any CPU.Build.0 = Debug|Any CPU
		{4D47E3BE-7A4A-4918-968D-169E21479ED5}.Release|Any CPU.ActiveCfg = Release|Any CPU
		{4D47E3BE-7A4A-4918-968D-169E21479ED5}.Release|Any CPU.Build.0 = Release|Any CPU
		{683FD2E9-689E-419F-A222-037C29F24B7C}.Debug|Any CPU.ActiveCfg = Debug|Any CPU
		{683FD2E9-689E-419F-A222-037C29F24B7C}.Debug|Any CPU.Build.0 = Debug|Any CPU
		{683FD2E9-689E-419F-A222-037C29F24B7C}.Release|Any CPU.ActiveCfg = Release|Any CPU
		{683FD2E9-689E-419F-A222-037C29F24B7C}.Release|Any CPU.Build.0 = Release|Any CPU
		{D5DB57FA-CB2F-4A40-B7F3-C3C646639089}.Debug|Any CPU.ActiveCfg = Debug|Any CPU
		{D5DB57FA-CB2F-4A40-B7F3-C3C646639089}.Debug|Any CPU.Build.0 = Debug|Any CPU
		{D5DB57FA-CB2F-4A40-B7F3-C3C646639089}.Release|Any CPU.ActiveCfg = Release|Any CPU
		{D5DB57FA-CB2F-4A40-B7F3-C3C646639089}.Release|Any CPU.Build.0 = Release|Any CPU
		{BDAA4129-0192-4EB3-9CE4-485CAA4B111C}.Debug|Any CPU.ActiveCfg = Debug|Any CPU
		{BDAA4129-0192-4EB3-9CE4-485CAA4B111C}.Debug|Any CPU.Build.0 = Debug|Any CPU
		{BDAA4129-0192-4EB3-9CE4-485CAA4B111C}.Release|Any CPU.ActiveCfg = Release|Any CPU
		{BDAA4129-0192-4EB3-9CE4-485CAA4B111C}.Release|Any CPU.Build.0 = Release|Any CPU
		{C83F0807-A79A-49EF-A1A9-4208409A7D97}.Debug|Any CPU.ActiveCfg = Debug|Any CPU
		{C83F0807-A79A-49EF-A1A9-4208409A7D97}.Debug|Any CPU.Build.0 = Debug|Any CPU
		{C83F0807-A79A-49EF-A1A9-4208409A7D97}.Release|Any CPU.ActiveCfg = Release|Any CPU
		{C83F0807-A79A-49EF-A1A9-4208409A7D97}.Release|Any CPU.Build.0 = Release|Any CPU
		{A7B30E75-8AB9-4E40-9F9A-BD5F624C1CCD}.Debug|Any CPU.ActiveCfg = Debug|Any CPU
		{A7B30E75-8AB9-4E40-9F9A-BD5F624C1CCD}.Debug|Any CPU.Build.0 = Debug|Any CPU
		{A7B30E75-8AB9-4E40-9F9A-BD5F624C1CCD}.Release|Any CPU.ActiveCfg = Release|Any CPU
		{A7B30E75-8AB9-4E40-9F9A-BD5F624C1CCD}.Release|Any CPU.Build.0 = Release|Any CPU
		{5264BFA2-9809-4F38-A6CD-5D215A73F3AC}.Debug|Any CPU.ActiveCfg = Debug|Any CPU
		{5264BFA2-9809-4F38-A6CD-5D215A73F3AC}.Debug|Any CPU.Build.0 = Debug|Any CPU
		{5264BFA2-9809-4F38-A6CD-5D215A73F3AC}.Release|Any CPU.ActiveCfg = Release|Any CPU
		{5264BFA2-9809-4F38-A6CD-5D215A73F3AC}.Release|Any CPU.Build.0 = Release|Any CPU
		{DBE62DDF-C049-4C4D-A760-8DA047F704F6}.Debug|Any CPU.ActiveCfg = Debug|Any CPU
		{DBE62DDF-C049-4C4D-A760-8DA047F704F6}.Debug|Any CPU.Build.0 = Debug|Any CPU
		{DBE62DDF-C049-4C4D-A760-8DA047F704F6}.Release|Any CPU.ActiveCfg = Release|Any CPU
		{DBE62DDF-C049-4C4D-A760-8DA047F704F6}.Release|Any CPU.Build.0 = Release|Any CPU
		{0381A13A-7BD3-4809-A8AB-244680AC34E5}.Debug|Any CPU.ActiveCfg = Debug|Any CPU
		{0381A13A-7BD3-4809-A8AB-244680AC34E5}.Debug|Any CPU.Build.0 = Debug|Any CPU
		{0381A13A-7BD3-4809-A8AB-244680AC34E5}.Release|Any CPU.ActiveCfg = Release|Any CPU
		{0381A13A-7BD3-4809-A8AB-244680AC34E5}.Release|Any CPU.Build.0 = Release|Any CPU
	EndGlobalSection
	GlobalSection(SolutionProperties) = preSolution
		HideSolutionNode = FALSE
	EndGlobalSection
	GlobalSection(NestedProjects) = preSolution
		{CF01C2A7-708E-4AC1-8109-796A58412C3D} = {4B2F4387-1AF8-4B92-A3B6-1422B1254106}
		{4D47E3BE-7A4A-4918-968D-169E21479ED5} = {CF01C2A7-708E-4AC1-8109-796A58412C3D}
		{683FD2E9-689E-419F-A222-037C29F24B7C} = {CF01C2A7-708E-4AC1-8109-796A58412C3D}
		{D5DB57FA-CB2F-4A40-B7F3-C3C646639089} = {38E50B39-2598-497E-8976-7D548D02CC02}
		{4DF5AF06-B9A1-4E38-91EF-5D1E16A02E41} = {340FA0FB-06ED-4761-A4B9-269CC76D98A5}
		{BDAA4129-0192-4EB3-9CE4-485CAA4B111C} = {4DF5AF06-B9A1-4E38-91EF-5D1E16A02E41}
		{C83F0807-A79A-49EF-A1A9-4208409A7D97} = {4DF5AF06-B9A1-4E38-91EF-5D1E16A02E41}
		{A7B30E75-8AB9-4E40-9F9A-BD5F624C1CCD} = {CF01C2A7-708E-4AC1-8109-796A58412C3D}
		{94609051-3DC9-403D-A326-F00F2AAA358E} = {4B2F4387-1AF8-4B92-A3B6-1422B1254106}
		{F052446C-8670-4282-978F-A9627E021A2F} = {94609051-3DC9-403D-A326-F00F2AAA358E}
		{5264BFA2-9809-4F38-A6CD-5D215A73F3AC} = {F052446C-8670-4282-978F-A9627E021A2F}
		{DBE62DDF-C049-4C4D-A760-8DA047F704F6} = {38E50B39-2598-497E-8976-7D548D02CC02}
		{0381A13A-7BD3-4809-A8AB-244680AC34E5} = {F052446C-8670-4282-978F-A9627E021A2F}
	EndGlobalSection
EndGlobal
